
Microsoft Visual Studio Solution File, Format Version 12.00
# Visual Studio Version 17
VisualStudioVersion = 17.0.31919.166
MinimumVisualStudioVersion = 10.0.40219.1
Project("{FAE04EC0-301F-11D3-BF4B-00C04F79EFBC}") = "Primjena_Windows_kontrole_ocjenska", "Primjena_Windows_kontrole_ocjenska.csproj", "{0CF09350-486D-4E0F-A59A-81B0DA9A7552}"
EndProject
Global
	GlobalSection(SolutionConfigurationPlatforms) = preSolution
		Debug|Any CPU = Debug|Any CPU
		Release|Any CPU = Release|Any CPU
	EndGlobalSection
	GlobalSection(ProjectConfigurationPlatforms) = postSolution
		{0CF09350-486D-4E0F-A59A-81B0DA9A7552}.Debug|Any CPU.ActiveCfg = Debug|Any CPU
		{0CF09350-486D-4E0F-A59A-81B0DA9A7552}.Debug|Any CPU.Build.0 = Debug|Any CPU
		{0CF09350-486D-4E0F-A59A-81B0DA9A7552}.Release|Any CPU.ActiveCfg = Release|Any CPU
		{0CF09350-486D-4E0F-A59A-81B0DA9A7552}.Release|Any CPU.Build.0 = Release|Any CPU
	EndGlobalSection
	GlobalSection(SolutionProperties) = preSolution
		HideSolutionNode = FALSE
	EndGlobalSection
	GlobalSection(ExtensibilityGlobals) = postSolution
		SolutionGuid = {A47883F2-407C-4B8E-AC28-8388CCC47F85}
	EndGlobalSection
EndGlobal
